// !$*UTF8*$!
{
	archiveVersion = 1;
	classes = {
	};
	objectVersion = 50;
	objects = {

/* Begin PBXBuildFile section */
		8A6BF1262781DEB900990665 /* AppDelegate.swift in Sources */ = {isa = PBXBuildFile; fileRef = 8A6BF1252781DEB900990665 /* AppDelegate.swift */; };
		8A6BF1282781DEB900990665 /* SceneDelegate.swift in Sources */ = {isa = PBXBuildFile; fileRef = 8A6BF1272781DEB900990665 /* SceneDelegate.swift */; };
		8A6BF12A2781DEB900990665 /* ViewController.swift in Sources */ = {isa = PBXBuildFile; fileRef = 8A6BF1292781DEB900990665 /* ViewController.swift */; };
		8A6BF12D2781DEB900990665 /* Main.storyboard in Resources */ = {isa = PBXBuildFile; fileRef = 8A6BF12B2781DEB900990665 /* Main.storyboard */; };
		8A6BF12F2781DEBA00990665 /* Assets.xcassets in Resources */ = {isa = PBXBuildFile; fileRef = 8A6BF12E2781DEB900990665 /* Assets.xcassets */; };
		8A6BF1322781DEBA00990665 /* LaunchScreen.storyboard in Resources */ = {isa = PBXBuildFile; fileRef = 8A6BF1302781DEBA00990665 /* LaunchScreen.storyboard */; };
		8AFEB1B82781FE6A00998B50 /* SnackBarViewModel.swift in Sources */ = {isa = PBXBuildFile; fileRef = 8AFEB1B72781FE6A00998B50 /* SnackBarViewModel.swift */; };
		8AFEB1C42782027800998B50 /* SnackBarView.swift in Sources */ = {isa = PBXBuildFile; fileRef = 8AFEB1B42781FE5000998B50 /* SnackBarView.swift */; };
/* End PBXBuildFile section */

/* Begin PBXFileReference section */
		8A6BF1222781DEB900990665 /* day1_helloWorld.app */ = {isa = PBXFileReference; explicitFileType = wrapper.application; includeInIndex = 0; path = day1_helloWorld.app; sourceTree = BUILT_PRODUCTS_DIR; };
		8A6BF1252781DEB900990665 /* AppDelegate.swift */ = {isa = PBXFileReference; lastKnownFileType = sourcecode.swift; path = AppDelegate.swift; sourceTree = "<group>"; };
		8A6BF1272781DEB900990665 /* SceneDelegate.swift */ = {isa = PBXFileReference; lastKnownFileType = sourcecode.swift; path = SceneDelegate.swift; sourceTree = "<group>"; };
		8A6BF1292781DEB900990665 /* ViewController.swift */ = {isa = PBXFileReference; lastKnownFileType = sourcecode.swift; path = ViewController.swift; sourceTree = "<group>"; };
		8A6BF12C2781DEB900990665 /* Base */ = {isa = PBXFileReference; lastKnownFileType = file.storyboard; name = Base; path = Base.lproj/Main.storyboard; sourceTree = "<group>"; };
		8A6BF12E2781DEB900990665 /* Assets.xcassets */ = {isa = PBXFileReference; lastKnownFileType = folder.assetcatalog; path = Assets.xcassets; sourceTree = "<group>"; };
		8A6BF1312781DEBA00990665 /* Base */ = {isa = PBXFileReference; lastKnownFileType = file.storyboard; name = Base; path = Base.lproj/LaunchScreen.storyboard; sourceTree = "<group>"; };
		8A6BF1332781DEBA00990665 /* Info.plist */ = {isa = PBXFileReference; lastKnownFileType = text.plist.xml; path = Info.plist; sourceTree = "<group>"; };
		8AFEB1B42781FE5000998B50 /* SnackBarView.swift */ = {isa = PBXFileReference; lastKnownFileType = sourcecode.swift; path = SnackBarView.swift; sourceTree = "<group>"; };
		8AFEB1B72781FE6A00998B50 /* SnackBarViewModel.swift */ = {isa = PBXFileReference; lastKnownFileType = sourcecode.swift; path = SnackBarViewModel.swift; sourceTree = "<group>"; };
/* End PBXFileReference section */

/* Begin PBXFrameworksBuildPhase section */
		8A6BF11F2781DEB900990665 /* Frameworks */ = {
			isa = PBXFrameworksBuildPhase;
			buildActionMask = 2147483647;
			files = (
			);
			runOnlyForDeploymentPostprocessing = 0;
		};
/* End PBXFrameworksBuildPhase section */

/* Begin PBXGroup section */
		8A6BF1192781DEB900990665 = {
			isa = PBXGroup;
			children = (
				8A6BF1242781DEB900990665 /* day1_helloWorld */,
				8A6BF1232781DEB900990665 /* Products */,
			);
			sourceTree = "<group>";
		};
		8A6BF1232781DEB900990665 /* Products */ = {
			isa = PBXGroup;
			children = (
				8A6BF1222781DEB900990665 /* day1_helloWorld.app */,
			);
			name = Products;
			sourceTree = "<group>";
		};
		8A6BF1242781DEB900990665 /* day1_helloWorld */ = {
			isa = PBXGroup;
			children = (
				8AFEB1B32781FE2500998B50 /* SnackBar */,
				8A6BF1252781DEB900990665 /* AppDelegate.swift */,
				8A6BF1272781DEB900990665 /* SceneDelegate.swift */,
				8A6BF1292781DEB900990665 /* ViewController.swift */,
				8A6BF12B2781DEB900990665 /* Main.storyboard */,
				8A6BF12E2781DEB900990665 /* Assets.xcassets */,
				8A6BF1302781DEBA00990665 /* LaunchScreen.storyboard */,
				8A6BF1332781DEBA00990665 /* Info.plist */,
			);
			path = day1_helloWorld;
			sourceTree = "<group>";
		};
		8AFEB1B32781FE2500998B50 /* SnackBar */ = {
			isa = PBXGroup;
			children = (
				8AFEB1B42781FE5000998B50 /* SnackBarView.swift */,
				8AFEB1B72781FE6A00998B50 /* SnackBarViewModel.swift */,
			);
			path = SnackBar;
			sourceTree = "<group>";
		};
/* End PBXGroup section */

/* Begin PBXNativeTarget section */
		8A6BF1212781DEB900990665 /* day1_helloWorld */ = {
			isa = PBXNativeTarget;
			buildConfigurationList = 8A6BF1362781DEBA00990665 /* Build configuration list for PBXNativeTarget "day1_helloWorld" */;
			buildPhases = (
				8A6BF11E2781DEB900990665 /* Sources */,
				8A6BF11F2781DEB900990665 /* Frameworks */,
				8A6BF1202781DEB900990665 /* Resources */,
			);
			buildRules = (
			);
			dependencies = (
			);
			name = day1_helloWorld;
			productName = day1_helloWorld;
			productReference = 8A6BF1222781DEB900990665 /* day1_helloWorld.app */;
			productType = "com.apple.product-type.application";
		};
/* End PBXNativeTarget section */

/* Begin PBXProject section */
		8A6BF11A2781DEB900990665 /* Project object */ = {
			isa = PBXProject;
			attributes = {
				LastSwiftUpdateCheck = 1240;
				LastUpgradeCheck = 1240;
				TargetAttributes = {
					8A6BF1212781DEB900990665 = {
						CreatedOnToolsVersion = 12.4;
					};
				};
			};
			buildConfigurationList = 8A6BF11D2781DEB900990665 /* Build configuration list for PBXProject "day1_helloWorld" */;
			compatibilityVersion = "Xcode 9.3";
			developmentRegion = en;
			hasScannedForEncodings = 0;
			knownRegions = (
				en,
				Base,
			);
			mainGroup = 8A6BF1192781DEB900990665;
			productRefGroup = 8A6BF1232781DEB900990665 /* Products */;
			projectDirPath = "";
			projectRoot = "";
			targets = (
				8A6BF1212781DEB900990665 /* day1_helloWorld */,
			);
		};
/* End PBXProject section */

/* Begin PBXResourcesBuildPhase section */
		8A6BF1202781DEB900990665 /* Resources */ = {
			isa = PBXResourcesBuildPhase;
			buildActionMask = 2147483647;
			files = (
				8A6BF1322781DEBA00990665 /* LaunchScreen.storyboard in Resources */,
				8A6BF12F2781DEBA00990665 /* Assets.xcassets in Resources */,
				8A6BF12D2781DEB900990665 /* Main.storyboard in Resources */,
			);
			runOnlyForDeploymentPostprocessing = 0;
		};
/* End PBXResourcesBuildPhase section */

/* Begin PBXSourcesBuildPhase section */
		8A6BF11E2781DEB900990665 /* Sources */ = {
			isa = PBXSourcesBuildPhase;
			buildActionMask = 2147483647;
			files = (
				8AFEB1C42782027800998B50 /* SnackBarView.swift in Sources */,
				8A6BF12A2781DEB900990665 /* ViewController.swift in Sources */,
				8A6BF1262781DEB900990665 /* AppDelegate.swift in Sources */,
				8AFEB1B82781FE6A00998B50 /* SnackBarViewModel.swift in Sources */,
				8A6BF1282781DEB900990665 /* SceneDelegate.swift in Sources */,
			);
			runOnlyForDeploymentPostprocessing = 0;
		};
/* End PBXSourcesBuildPhase section */

/* Begin PBXVariantGroup section */
		8A6BF12B2781DEB900990665 /* Main.storyboard */ = {
			isa = PBXVariantGroup;
			children = (
				8A6BF12C2781DEB900990665 /* Base */,
			);
			name = Main.storyboard;
			sourceTree = "<group>";
		};
		8A6BF1302781DEBA00990665 /* LaunchScreen.storyboard */ = {
			isa = PBXVariantGroup;
			children = (
				8A6BF1312781DEBA00990665 /* Base */,
			);
			name = LaunchScreen.storyboard;
			sourceTree = "<group>";
		};
/* End PBXVariantGroup section */

/* Begin XCBuildConfiguration section */
		8A6BF1342781DEBA00990665 /* Debug */ = {
			isa = XCBuildConfiguration;
			buildSettings = {
				ALWAYS_SEARCH_USER_PATHS = NO;
				CLANG_ANALYZER_NONNULL = YES;
				CLANG_ANALYZER_NUMBER_OBJECT_CONVERSION = YES_AGGRESSIVE;
				CLANG_CXX_LANGUAGE_STANDARD = "gnu++14";
				CLANG_CXX_LIBRARY = "libc++";
				CLANG_ENABLE_MODULES = YES;
				CLANG_ENABLE_OBJC_ARC = YES;
				CLANG_ENABLE_OBJC_WEAK = YES;
				CLANG_WARN_BLOCK_CAPTURE_AUTORELEASING = YES;
				CLANG_WARN_BOOL_CONVERSION = YES;
				CLANG_WARN_COMMA = YES;
				CLANG_WARN_CONSTANT_CONVERSION = YES;
				CLANG_WARN_DEPRECATED_OBJC_IMPLEMENTATIONS = YES;
				CLANG_WARN_DIRECT_OBJC_ISA_USAGE = YES_ERROR;
				CLANG_WARN_DOCUMENTATION_COMMENTS = YES;
				CLANG_WARN_EMPTY_BODY = YES;
				CLANG_WARN_ENUM_CONVERSION = YES;
				CLANG_WARN_INFINITE_RECURSION = YES;
				CLANG_WARN_INT_CONVERSION = YES;
				CLANG_WARN_NON_LITERAL_NULL_CONVERSION = YES;
				CLANG_WARN_OBJC_IMPLICIT_RETAIN_SELF = YES;
				CLANG_WARN_OBJC_LITERAL_CONVERSION = YES;
				CLANG_WARN_OBJC_ROOT_CLASS = YES_ERROR;
				CLANG_WARN_QUOTED_INCLUDE_IN_FRAMEWORK_HEADER = YES;
				CLANG_WARN_RANGE_LOOP_ANALYSIS = YES;
				CLANG_WARN_STRICT_PROTOTYPES = YES;
				CLANG_WARN_SUSPICIOUS_MOVE = YES;
				CLANG_WARN_UNGUARDED_AVAILABILITY = YES_AGGRESSIVE;
				CLANG_WARN_UNREACHABLE_CODE = YES;
				CLANG_WARN__DUPLICATE_METHOD_MATCH = YES;
				COPY_PHASE_STRIP = NO;
				DEBUG_INFORMATION_FORMAT = dwarf;
				ENABLE_STRICT_OBJC_MSGSEND = YES;
				ENABLE_TESTABILITY = YES;
				GCC_C_LANGUAGE_STANDARD = gnu11;
				GCC_DYNAMIC_NO_PIC = NO;
				GCC_NO_COMMON_BLOCKS = YES;
				GCC_OPTIMIZATION_LEVEL = 0;
				GCC_PREPROCESSOR_DEFINITIONS = (
					"DEBUG=1",
					"$(inherited)",
				);
				GCC_WARN_64_TO_32_BIT_CONVERSION = YES;
				GCC_WARN_ABOUT_RETURN_TYPE = YES_ERROR;
				GCC_WARN_UNDECLARED_SELECTOR = YES;
				GCC_WARN_UNINITIALIZED_AUTOS = YES_AGGRESSIVE;
				GCC_WARN_UNUSED_FUNCTION = YES;
				GCC_WARN_UNUSED_VARIABLE = YES;
				IPHONEOS_DEPLOYMENT_TARGET = 14.4;
				MTL_ENABLE_DEBUG_INFO = INCLUDE_SOURCE;
				MTL_FAST_MATH = YES;
				ONLY_ACTIVE_ARCH = YES;
				SDKROOT = iphoneos;
				SWIFT_ACTIVE_COMPILATION_CONDITIONS = DEBUG;
				SWIFT_OPTIMIZATION_LEVEL = "-Onone";
			};
			name = Debug;
		};
		8A6BF1352781DEBA00990665 /* Release */ = {
			isa = XCBuildConfiguration;
			buildSettings = {
				ALWAYS_SEARCH_USER_PATHS = NO;
				CLANG_ANALYZER_NONNULL = YES;
				CLANG_ANALYZER_NUMBER_OBJECT_CONVERSION = YES_AGGRESSIVE;
				CLANG_CXX_LANGUAGE_STANDARD = "gnu++14";
				CLANG_CXX_LIBRARY = "libc++";
				CLANG_ENABLE_MODULES = YES;
				CLANG_ENABLE_OBJC_ARC = YES;
				CLANG_ENABLE_OBJC_WEAK = YES;
				CLANG_WARN_BLOCK_CAPTURE_AUTORELEASING = YES;
				CLANG_WARN_BOOL_CONVERSION = YES;
				CLANG_WARN_COMMA = YES;
				CLANG_WARN_CONSTANT_CONVERSION = YES;
				CLANG_WARN_DEPRECATED_OBJC_IMPLEMENTATIONS = YES;
				CLANG_WARN_DIRECT_OBJC_ISA_USAGE = YES_ERROR;
				CLANG_WARN_DOCUMENTATION_COMMENTS = YES;
				CLANG_WARN_EMPTY_BODY = YES;
				CLANG_WARN_ENUM_CONVERSION = YES;
				CLANG_WARN_INFINITE_RECURSION = YES;
				CLANG_WARN_INT_CONVERSION = YES;
				CLANG_WARN_NON_LITERAL_NULL_CONVERSION = YES;
				CLANG_WARN_OBJC_IMPLICIT_RETAIN_SELF = YES;
				CLANG_WARN_OBJC_LITERAL_CONVERSION = YES;
				CLANG_WARN_OBJC_ROOT_CLASS = YES_ERROR;
				CLANG_WARN_QUOTED_INCLUDE_IN_FRAMEWORK_HEADER = YES;
				CLANG_WARN_RANGE_LOOP_ANALYSIS = YES;
				CLANG_WARN_STRICT_PROTOTYPES = YES;
				CLANG_WARN_SUSPICIOUS_MOVE = YES;
				CLANG_WARN_UNGUARDED_AVAILABILITY = YES_AGGRESSIVE;
				CLANG_WARN_UNREACHABLE_CODE = YES;
				CLANG_WARN__DUPLICATE_METHOD_MATCH = YES;
				COPY_PHASE_STRIP = NO;
				DEBUG_INFORMATION_FORMAT = "dwarf-with-dsym";
				ENABLE_NS_ASSERTIONS = NO;
				ENABLE_STRICT_OBJC_MSGSEND = YES;
				GCC_C_LANGUAGE_STANDARD = gnu11;
				GCC_NO_COMMON_BLOCKS = YES;
				GCC_WARN_64_TO_32_BIT_CONVERSION = YES;
				GCC_WARN_ABOUT_RETURN_TYPE = YES_ERROR;
				GCC_WARN_UNDECLARED_SELECTOR = YES;
				GCC_WARN_UNINITIALIZED_AUTOS = YES_AGGRESSIVE;
				GCC_WARN_UNUSED_FUNCTION = YES;
				GCC_WARN_UNUSED_VARIABLE = YES;
				IPHONEOS_DEPLOYMENT_TARGET = 14.4;
				MTL_ENABLE_DEBUG_INFO = NO;
				MTL_FAST_MATH = YES;
				SDKROOT = iphoneos;
				SWIFT_COMPILATION_MODE = wholemodule;
				SWIFT_OPTIMIZATION_LEVEL = "-O";
				VALIDATE_PRODUCT = YES;
			};
			name = Release;
		};
		8A6BF1372781DEBA00990665 /* Debug */ = {
			isa = XCBuildConfiguration;
			buildSettings = {
				ASSETCATALOG_COMPILER_APPICON_NAME = AppIcon;
				ASSETCATALOG_COMPILER_GLOBAL_ACCENT_COLOR_NAME = AccentColor;
				CODE_SIGN_STYLE = Automatic;
				INFOPLIST_FILE = day1_helloWorld/Info.plist;
				LD_RUNPATH_SEARCH_PATHS = (
					"$(inherited)",
					"@executable_path/Frameworks",
				);
				PRODUCT_BUNDLE_IDENTIFIER = "study.day1-helloWorld";
				PRODUCT_NAME = "$(TARGET_NAME)";
				SWIFT_VERSION = 5.0;
				TARGETED_DEVICE_FAMILY = "1,2";
			};
			name = Debug;
		};
		8A6BF1382781DEBA00990665 /* Release */ = {
			isa = XCBuildConfiguration;
			buildSettings = {
				ASSETCATALOG_COMPILER_APPICON_NAME = AppIcon;
				ASSETCATALOG_COMPILER_GLOBAL_ACCENT_COLOR_NAME = AccentColor;
				CODE_SIGN_STYLE = Automatic;
				INFOPLIST_FILE = day1_helloWorld/Info.plist;
				LD_RUNPATH_SEARCH_PATHS = (
					"$(inherited)",
					"@executable_path/Frameworks",
				);
				PRODUCT_BUNDLE_IDENTIFIER = "study.day1-helloWorld";
				PRODUCT_NAME = "$(TARGET_NAME)";
				SWIFT_VERSION = 5.0;
				TARGETED_DEVICE_FAMILY = "1,2";
			};
			name = Release;
		};
/* End XCBuildConfiguration section */

/* Begin XCConfigurationList section */
		8A6BF11D2781DEB900990665 /* Build configuration list for PBXProject "day1_helloWorld" */ = {
			isa = XCConfigurationList;
			buildConfigurations = (
				8A6BF1342781DEBA00990665 /* Debug */,
				8A6BF1352781DEBA00990665 /* Release */,
			);
			defaultConfigurationIsVisible = 0;
			defaultConfigurationName = Release;
		};
		8A6BF1362781DEBA00990665 /* Build configuration list for PBXNativeTarget "day1_helloWorld" */ = {
			isa = XCConfigurationList;
			buildConfigurations = (
				8A6BF1372781DEBA00990665 /* Debug */,
				8A6BF1382781DEBA00990665 /* Release */,
			);
			defaultConfigurationIsVisible = 0;
			defaultConfigurationName = Release;
		};
/* End XCConfigurationList section */
	};
	rootObject = 8A6BF11A2781DEB900990665 /* Project object */;
}
